
Microsoft Visual Studio Solution File, Format Version 12.00
# Visual Studio Version 16
VisualStudioVersion = 16.0.810.13
MinimumVisualStudioVersion = 10.0.40219.1
Project("{9A19103F-16F7-4668-BE54-9A1E7A4F7556}") = "IntellProdLifeCycleMS.API", "IntellProdLifeCycleMS.API\IntellProdLifeCycleMS.API.csproj", "{9BBE5041-9B49-4C89-B3D2-8F89EBD97677}"
EndProject
Project("{9A19103F-16F7-4668-BE54-9A1E7A4F7556}") = "IntellProdLifeCycleMS.Domain", "IntellProdLifeCycleMS.Domain\IntellProdLifeCycleMS.Domain.csproj", "{3832B8D5-309E-4B88-A668-0F1181B45F02}"
EndProject
Project("{9A19103F-16F7-4668-BE54-9A1E7A4F7556}") = "IntellProdLifeCycleMS.Infrastructure", "IntellProdLifeCycleMS.Infrastructure\IntellProdLifeCycleMS.Infrastructure.csproj", "{5743347D-9FDE-4853-BC25-BFC0A0C0F779}"
EndProject
Project("{9A19103F-16F7-4668-BE54-9A1E7A4F7556}") = "IntellProdLifeCycleMS.Tests", "IntellProdLifeCycleMS.Tests\IntellProdLifeCycleMS.Tests.csproj", "{13EBDF6C-D395-4FFC-AE83-2A76DD8884D2}"
EndProject
Global
	GlobalSection(SolutionConfigurationPlatforms) = preSolution
		Debug|Any CPU = Debug|Any CPU
		Release|Any CPU = Release|Any CPU
	EndGlobalSection
	GlobalSection(ProjectConfigurationPlatforms) = postSolution
		{9BBE5041-9B49-4C89-B3D2-8F89EBD97677}.Debug|Any CPU.ActiveCfg = Debug|Any CPU
		{9BBE5041-9B49-4C89-B3D2-8F89EBD97677}.Debug|Any CPU.Build.0 = Debug|Any CPU
		{9BBE5041-9B49-4C89-B3D2-8F89EBD97677}.Release|Any CPU.ActiveCfg = Release|Any CPU
		{9BBE5041-9B49-4C89-B3D2-8F89EBD97677}.Release|Any CPU.Build.0 = Release|Any CPU
		{3832B8D5-309E-4B88-A668-0F1181B45F02}.Debug|Any CPU.ActiveCfg = Debug|Any CPU
		{3832B8D5-309E-4B88-A668-0F1181B45F02}.Debug|Any CPU.Build.0 = Debug|Any CPU
		{3832B8D5-309E-4B88-A668-0F1181B45F02}.Release|Any CPU.ActiveCfg = Release|Any CPU
		{3832B8D5-309E-4B88-A668-0F1181B45F02}.Release|Any CPU.Build.0 = Release|Any CPU
		{5743347D-9FDE-4853-BC25-BFC0A0C0F779}.Debug|Any CPU.ActiveCfg = Debug|Any CPU
		{5743347D-9FDE-4853-BC25-BFC0A0C0F779}.Debug|Any CPU.Build.0 = Debug|Any CPU
		{5743347D-9FDE-4853-BC25-BFC0A0C0F779}.Release|Any CPU.ActiveCfg = Release|Any CPU
		{5743347D-9FDE-4853-BC25-BFC0A0C0F779}.Release|Any CPU.Build.0 = Release|Any CPU
		{13EBDF6C-D395-4FFC-AE83-2A76DD8884D2}.Debug|Any CPU.ActiveCfg = Debug|Any CPU
		{13EBDF6C-D395-4FFC-AE83-2A76DD8884D2}.Debug|Any CPU.Build.0 = Debug|Any CPU
		{13EBDF6C-D395-4FFC-AE83-2A76DD8884D2}.Release|Any CPU.ActiveCfg = Release|Any CPU
		{13EBDF6C-D395-4FFC-AE83-2A76DD8884D2}.Release|Any CPU.Build.0 = Release|Any CPU
	EndGlobalSection
	GlobalSection(SolutionProperties) = preSolution
		HideSolutionNode = FALSE
	EndGlobalSection
	GlobalSection(ExtensibilityGlobals) = postSolution
		SolutionGuid = {627A0069-6600-410A-B23C-1F597A21109F}
	EndGlobalSection
EndGlobal
