
Microsoft Visual Studio Solution File, Format Version 12.00
# Visual Studio Version 16
VisualStudioVersion = 16.0.32002.261
MinimumVisualStudioVersion = 10.0.40219.1
Project("{9A19103F-16F7-4668-BE54-9A1E7A4F7556}") = "BlazorApp", "BlazorApp\BlazorApp.csproj", "{67483B11-6E93-4DD9-B952-8A62D9BD9B86}"
EndProject
Global
	GlobalSection(SolutionConfigurationPlatforms) = preSolution
		Debug|Any CPU = Debug|Any CPU
		Release|Any CPU = Release|Any CPU
	EndGlobalSection
	GlobalSection(ProjectConfigurationPlatforms) = postSolution
		{67483B11-6E93-4DD9-B952-8A62D9BD9B86}.Debug|Any CPU.ActiveCfg = Debug|Any CPU
		{67483B11-6E93-4DD9-B952-8A62D9BD9B86}.Debug|Any CPU.Build.0 = Debug|Any CPU
		{67483B11-6E93-4DD9-B952-8A62D9BD9B86}.Release|Any CPU.ActiveCfg = Release|Any CPU
		{67483B11-6E93-4DD9-B952-8A62D9BD9B86}.Release|Any CPU.Build.0 = Release|Any CPU
	EndGlobalSection
	GlobalSection(SolutionProperties) = preSolution
		HideSolutionNode = FALSE
	EndGlobalSection
	GlobalSection(ExtensibilityGlobals) = postSolution
		SolutionGuid = {6109CD01-BE9B-4216-A0F5-A80EBF0D26D9}
	EndGlobalSection
EndGlobal
